
Microsoft Visual Studio Solution File, Format Version 12.00
# Visual Studio 15
VisualStudioVersion = 15.0.28010.2003
MinimumVisualStudioVersion = 10.0.40219.1
Project("{FAE04EC0-301F-11D3-BF4B-00C04F79EFBC}") = "ParallelImageManipulator", "ParallelImageManipulator\ParallelImageManipulator.csproj", "{8BCD9F58-B58B-4F5A-BBFF-2CEBEBCF1B0D}"
EndProject
Project("{FAE04EC0-301F-11D3-BF4B-00C04F79EFBC}") = "PIMWebsite", "PIMWebsite\PIMWebsite.csproj", "{A296D5DE-2294-45D8-BE58-AE1C4FF04D35}"
EndProject
Global
	GlobalSection(SolutionConfigurationPlatforms) = preSolution
		Debug|Any CPU = Debug|Any CPU
		Release|Any CPU = Release|Any CPU
	EndGlobalSection
	GlobalSection(ProjectConfigurationPlatforms) = postSolution
		{8BCD9F58-B58B-4F5A-BBFF-2CEBEBCF1B0D}.Debug|Any CPU.ActiveCfg = Debug|Any CPU
		{8BCD9F58-B58B-4F5A-BBFF-2CEBEBCF1B0D}.Debug|Any CPU.Build.0 = Debug|Any CPU
		{8BCD9F58-B58B-4F5A-BBFF-2CEBEBCF1B0D}.Release|Any CPU.ActiveCfg = Release|Any CPU
		{8BCD9F58-B58B-4F5A-BBFF-2CEBEBCF1B0D}.Release|Any CPU.Build.0 = Release|Any CPU
		{A296D5DE-2294-45D8-BE58-AE1C4FF04D35}.Debug|Any CPU.ActiveCfg = Debug|Any CPU
		{A296D5DE-2294-45D8-BE58-AE1C4FF04D35}.Debug|Any CPU.Build.0 = Debug|Any CPU
		{A296D5DE-2294-45D8-BE58-AE1C4FF04D35}.Release|Any CPU.ActiveCfg = Release|Any CPU
		{A296D5DE-2294-45D8-BE58-AE1C4FF04D35}.Release|Any CPU.Build.0 = Release|Any CPU
	EndGlobalSection
	GlobalSection(SolutionProperties) = preSolution
		HideSolutionNode = FALSE
	EndGlobalSection
	GlobalSection(ExtensibilityGlobals) = postSolution
		SolutionGuid = {E9760FB8-592C-41D7-B677-FD903296FEF3}
	EndGlobalSection
EndGlobal
